
Microsoft Visual Studio Solution File, Format Version 12.00
# Visual Studio Version 17
VisualStudioVersion = 17.14.36414.22 d17.14
MinimumVisualStudioVersion = 10.0.40219.1
Project("{FAE04EC0-301F-11D3-BF4B-00C04F79EFBC}") = "SampleMauiMvvmApp", "SampleMauiMvvmApp.csproj", "{FC3B6435-B949-40B8-9F2C-D8EAC7A373BE}"
EndProject
Global
	GlobalSection(SolutionConfigurationPlatforms) = preSolution
		Debug|Any CPU = Debug|Any CPU
		Release|Any CPU = Release|Any CPU
	EndGlobalSection
	GlobalSection(ProjectConfigurationPlatforms) = postSolution
		{FC3B6435-B949-40B8-9F2C-D8EAC7A373BE}.Debug|Any CPU.ActiveCfg = Debug|Any CPU
		{FC3B6435-B949-40B8-9F2C-D8EAC7A373BE}.Debug|Any CPU.Build.0 = Debug|Any CPU
		{FC3B6435-B949-40B8-9F2C-D8EAC7A373BE}.Release|Any CPU.ActiveCfg = Release|Any CPU
		{FC3B6435-B949-40B8-9F2C-D8EAC7A373BE}.Release|Any CPU.Build.0 = Release|Any CPU
	EndGlobalSection
	GlobalSection(SolutionProperties) = preSolution
		HideSolutionNode = FALSE
	EndGlobalSection
	GlobalSection(ExtensibilityGlobals) = postSolution
		SolutionGuid = {46B5D2AA-38C5-4009-831A-A32065329C60}
	EndGlobalSection
EndGlobal
